{
  "pins" : [
    {
      "identity" : "adison-offerwall-common",
      "kind" : "remoteSourceControl",
      "location" : "https://github.com/adison-ads/adison-offerwall-common",
      "state" : {
        "revision" : "27a728bdce27af4a99c978c4bdbc5875a49e7fae",
        "version" : "0.9.0-beta1"
      }
    }
  ],
  "version" : 2
}
